
Microsoft Visual Studio Solution File, Format Version 12.00
# Visual Studio 15
VisualStudioVersion = 15.0.28307.489
MinimumVisualStudioVersion = 10.0.40219.1
Project("{FAE04EC0-301F-11D3-BF4B-00C04F79EFBC}") = "Kolin.REST.Examples", "Kolin.REST.Examples\Kolin.REST.Examples.csproj", "{739B93E8-03E7-4381-9FC7-2CA5599FC4A9}"
EndProject
Project("{FAE04EC0-301F-11D3-BF4B-00C04F79EFBC}") = "Kolin.REST.Examples.OldFrameWork", "Kolin.REST.Examples.OldFrameWork\Kolin.REST.Examples.OldFrameWork.csproj", "{7140BB7C-FBE9-49A9-BFCB-976CF1D4298E}"
EndProject
Project("{FAE04EC0-301F-11D3-BF4B-00C04F79EFBC}") = "Kolin.ExtensionOperations.VAF", "Kolin.ExtensionOperations.VAF\Kolin.ExtensionOperations.VAF.csproj", "{44C5905C-6D53-4CA6-9FEE-A1A177E0B2F8}"
EndProject
Global
	GlobalSection(SolutionConfigurationPlatforms) = preSolution
		Debug|Any CPU = Debug|Any CPU
		Release|Any CPU = Release|Any CPU
	EndGlobalSection
	GlobalSection(ProjectConfigurationPlatforms) = postSolution
		{739B93E8-03E7-4381-9FC7-2CA5599FC4A9}.Debug|Any CPU.ActiveCfg = Debug|Any CPU
		{739B93E8-03E7-4381-9FC7-2CA5599FC4A9}.Debug|Any CPU.Build.0 = Debug|Any CPU
		{739B93E8-03E7-4381-9FC7-2CA5599FC4A9}.Release|Any CPU.ActiveCfg = Release|Any CPU
		{739B93E8-03E7-4381-9FC7-2CA5599FC4A9}.Release|Any CPU.Build.0 = Release|Any CPU
		{7140BB7C-FBE9-49A9-BFCB-976CF1D4298E}.Debug|Any CPU.ActiveCfg = Debug|Any CPU
		{7140BB7C-FBE9-49A9-BFCB-976CF1D4298E}.Debug|Any CPU.Build.0 = Debug|Any CPU
		{7140BB7C-FBE9-49A9-BFCB-976CF1D4298E}.Release|Any CPU.ActiveCfg = Release|Any CPU
		{7140BB7C-FBE9-49A9-BFCB-976CF1D4298E}.Release|Any CPU.Build.0 = Release|Any CPU
		{44C5905C-6D53-4CA6-9FEE-A1A177E0B2F8}.Debug|Any CPU.ActiveCfg = Debug|Any CPU
		{44C5905C-6D53-4CA6-9FEE-A1A177E0B2F8}.Debug|Any CPU.Build.0 = Debug|Any CPU
		{44C5905C-6D53-4CA6-9FEE-A1A177E0B2F8}.Release|Any CPU.ActiveCfg = Release|Any CPU
		{44C5905C-6D53-4CA6-9FEE-A1A177E0B2F8}.Release|Any CPU.Build.0 = Release|Any CPU
	EndGlobalSection
	GlobalSection(SolutionProperties) = preSolution
		HideSolutionNode = FALSE
	EndGlobalSection
	GlobalSection(ExtensibilityGlobals) = postSolution
		SolutionGuid = {79CB55A7-22F3-424E-A008-674C39BF101D}
	EndGlobalSection
EndGlobal
